
Microsoft Visual Studio Solution File, Format Version 12.00
# Visual Studio Version 16
VisualStudioVersion = 16.0.30517.126
MinimumVisualStudioVersion = 10.0.40219.1
Project("{9A19103F-16F7-4668-BE54-9A1E7A4F7556}") = "TcsStockScreener", "TcsStockScreener.csproj", "{D26972B8-B548-4F67-911E-EDEB911A8842}"
EndProject
Global
	GlobalSection(SolutionConfigurationPlatforms) = preSolution
		Debug|Any CPU = Debug|Any CPU
		Release|Any CPU = Release|Any CPU
	EndGlobalSection
	GlobalSection(ProjectConfigurationPlatforms) = postSolution
		{D26972B8-B548-4F67-911E-EDEB911A8842}.Debug|Any CPU.ActiveCfg = Debug|Any CPU
		{D26972B8-B548-4F67-911E-EDEB911A8842}.Debug|Any CPU.Build.0 = Debug|Any CPU
		{D26972B8-B548-4F67-911E-EDEB911A8842}.Release|Any CPU.ActiveCfg = Release|Any CPU
		{D26972B8-B548-4F67-911E-EDEB911A8842}.Release|Any CPU.Build.0 = Release|Any CPU
	EndGlobalSection
	GlobalSection(SolutionProperties) = preSolution
		HideSolutionNode = FALSE
	EndGlobalSection
	GlobalSection(ExtensibilityGlobals) = postSolution
		SolutionGuid = {5448B472-A5A4-420F-B8DD-25299ACE4F12}
	EndGlobalSection
EndGlobal
